
Microsoft Visual Studio Solution File, Format Version 12.00
# Visual Studio Version 16
VisualStudioVersion = 16.0.28407.52
MinimumVisualStudioVersion = 10.0.40219.1
Project("{FAE04EC0-301F-11D3-BF4B-00C04F79EFBC}") = "LogoffUser", "LogoffUser\LogoffUser.csproj", "{E61B09BE-E9FA-4906-AE9D-00A0E99FD506}"
EndProject
Global
	GlobalSection(SolutionConfigurationPlatforms) = preSolution
		Debug|Any CPU = Debug|Any CPU
		Release|Any CPU = Release|Any CPU
	EndGlobalSection
	GlobalSection(ProjectConfigurationPlatforms) = postSolution
		{E61B09BE-E9FA-4906-AE9D-00A0E99FD506}.Debug|Any CPU.ActiveCfg = Debug|Any CPU
		{E61B09BE-E9FA-4906-AE9D-00A0E99FD506}.Debug|Any CPU.Build.0 = Debug|Any CPU
		{E61B09BE-E9FA-4906-AE9D-00A0E99FD506}.Release|Any CPU.ActiveCfg = Release|Any CPU
		{E61B09BE-E9FA-4906-AE9D-00A0E99FD506}.Release|Any CPU.Build.0 = Release|Any CPU
	EndGlobalSection
	GlobalSection(SolutionProperties) = preSolution
		HideSolutionNode = FALSE
	EndGlobalSection
	GlobalSection(ExtensibilityGlobals) = postSolution
		SolutionGuid = {C2CCB5BC-8E27-4EAF-B5AB-44769F044B7D}
	EndGlobalSection
EndGlobal
